// !$*UTF8*$!
{
	archiveVersion = 1;
	classes = {
	};
	objectVersion = 48;
	objects = {

/* Begin PBXBuildFile section */
		3E3C5D59204E0860004BEA4C /* AppDelegate.swift in Sources */ = {isa = PBXBuildFile; fileRef = 3E3C5D58204E0860004BEA4C /* AppDelegate.swift */; };
		3E3C5D5B204E0860004BEA4C /* ViewController.swift in Sources */ = {isa = PBXBuildFile; fileRef = 3E3C5D5A204E0860004BEA4C /* ViewController.swift */; };
		3E3C5D5E204E0860004BEA4C /* Main.storyboard in Resources */ = {isa = PBXBuildFile; fileRef = 3E3C5D5C204E0860004BEA4C /* Main.storyboard */; };
		3E3C5D60204E0860004BEA4C /* Assets.xcassets in Resources */ = {isa = PBXBuildFile; fileRef = 3E3C5D5F204E0860004BEA4C /* Assets.xcassets */; };
		3E3C5D63204E0860004BEA4C /* LaunchScreen.storyboard in Resources */ = {isa = PBXBuildFile; fileRef = 3E3C5D61204E0860004BEA4C /* LaunchScreen.storyboard */; };
		3E3C5D6E204E0860004BEA4C /* tinderTests.swift in Sources */ = {isa = PBXBuildFile; fileRef = 3E3C5D6D204E0860004BEA4C /* tinderTests.swift */; };
		3E3C5D79204E0861004BEA4C /* tinderUITests.swift in Sources */ = {isa = PBXBuildFile; fileRef = 3E3C5D78204E0861004BEA4C /* tinderUITests.swift */; };
/* End PBXBuildFile section */

/* Begin PBXContainerItemProxy section */
		3E3C5D6A204E0860004BEA4C /* PBXContainerItemProxy */ = {
			isa = PBXContainerItemProxy;
			containerPortal = 3E3C5D4D204E0860004BEA4C /* Project object */;
			proxyType = 1;
			remoteGlobalIDString = 3E3C5D54204E0860004BEA4C;
			remoteInfo = tinder;
		};
		3E3C5D75204E0861004BEA4C /* PBXContainerItemProxy */ = {
			isa = PBXContainerItemProxy;
			containerPortal = 3E3C5D4D204E0860004BEA4C /* Project object */;
			proxyType = 1;
			remoteGlobalIDString = 3E3C5D54204E0860004BEA4C;
			remoteInfo = tinder;
		};
/* End PBXContainerItemProxy section */

/* Begin PBXFileReference section */
		3E3C5D55204E0860004BEA4C /* tinder.app */ = {isa = PBXFileReference; explicitFileType = wrapper.application; includeInIndex = 0; path = tinder.app; sourceTree = BUILT_PRODUCTS_DIR; };
		3E3C5D58204E0860004BEA4C /* AppDelegate.swift */ = {isa = PBXFileReference; lastKnownFileType = sourcecode.swift; path = AppDelegate.swift; sourceTree = "<group>"; };
		3E3C5D5A204E0860004BEA4C /* ViewController.swift */ = {isa = PBXFileReference; lastKnownFileType = sourcecode.swift; path = ViewController.swift; sourceTree = "<group>"; };
		3E3C5D5D204E0860004BEA4C /* Base */ = {isa = PBXFileReference; lastKnownFileType = file.storyboard; name = Base; path = Base.lproj/Main.storyboard; sourceTree = "<group>"; };
		3E3C5D5F204E0860004BEA4C /* Assets.xcassets */ = {isa = PBXFileReference; lastKnownFileType = folder.assetcatalog; path = Assets.xcassets; sourceTree = "<group>"; };
		3E3C5D62204E0860004BEA4C /* Base */ = {isa = PBXFileReference; lastKnownFileType = file.storyboard; name = Base; path = Base.lproj/LaunchScreen.storyboard; sourceTree = "<group>"; };
		3E3C5D64204E0860004BEA4C /* Info.plist */ = {isa = PBXFileReference; lastKnownFileType = text.plist.xml; path = Info.plist; sourceTree = "<group>"; };
		3E3C5D69204E0860004BEA4C /* tinderTests.xctest */ = {isa = PBXFileReference; explicitFileType = wrapper.cfbundle; includeInIndex = 0; path = tinderTests.xctest; sourceTree = BUILT_PRODUCTS_DIR; };
		3E3C5D6D204E0860004BEA4C /* tinderTests.swift */ = {isa = PBXFileReference; lastKnownFileType = sourcecode.swift; path = tinderTests.swift; sourceTree = "<group>"; };
		3E3C5D6F204E0860004BEA4C /* Info.plist */ = {isa = PBXFileReference; lastKnownFileType = text.plist.xml; path = Info.plist; sourceTree = "<group>"; };
		3E3C5D74204E0861004BEA4C /* tinderUITests.xctest */ = {isa = PBXFileReference; explicitFileType = wrapper.cfbundle; includeInIndex = 0; path = tinderUITests.xctest; sourceTree = BUILT_PRODUCTS_DIR; };
		3E3C5D78204E0861004BEA4C /* tinderUITests.swift */ = {isa = PBXFileReference; lastKnownFileType = sourcecode.swift; path = tinderUITests.swift; sourceTree = "<group>"; };
		3E3C5D7A204E0861004BEA4C /* Info.plist */ = {isa = PBXFileReference; lastKnownFileType = text.plist.xml; path = Info.plist; sourceTree = "<group>"; };
/* End PBXFileReference section */

/* Begin PBXFrameworksBuildPhase section */
		3E3C5D52204E0860004BEA4C /* Frameworks */ = {
			isa = PBXFrameworksBuildPhase;
			buildActionMask = 2147483647;
			files = (
			);
			runOnlyForDeploymentPostprocessing = 0;
		};
		3E3C5D66204E0860004BEA4C /* Frameworks */ = {
			isa = PBXFrameworksBuildPhase;
			buildActionMask = 2147483647;
			files = (
			);
			runOnlyForDeploymentPostprocessing = 0;
		};
		3E3C5D71204E0861004BEA4C /* Frameworks */ = {
			isa = PBXFrameworksBuildPhase;
			buildActionMask = 2147483647;
			files = (
			);
			runOnlyForDeploymentPostprocessing = 0;
		};
/* End PBXFrameworksBuildPhase section */

/* Begin PBXGroup section */
		3E3C5D4C204E0860004BEA4C = {
			isa = PBXGroup;
			children = (
				3E3C5D57204E0860004BEA4C /* tinder */,
				3E3C5D6C204E0860004BEA4C /* tinderTests */,
				3E3C5D77204E0861004BEA4C /* tinderUITests */,
				3E3C5D56204E0860004BEA4C /* Products */,
			);
			sourceTree = "<group>";
		};
		3E3C5D56204E0860004BEA4C /* Products */ = {
			isa = PBXGroup;
			children = (
				3E3C5D55204E0860004BEA4C /* tinder.app */,
				3E3C5D69204E0860004BEA4C /* tinderTests.xctest */,
				3E3C5D74204E0861004BEA4C /* tinderUITests.xctest */,
			);
			name = Products;
			sourceTree = "<group>";
		};
		3E3C5D57204E0860004BEA4C /* tinder */ = {
			isa = PBXGroup;
			children = (
				3E3C5D58204E0860004BEA4C /* AppDelegate.swift */,
				3E3C5D5A204E0860004BEA4C /* ViewController.swift */,
				3E3C5D5C204E0860004BEA4C /* Main.storyboard */,
				3E3C5D5F204E0860004BEA4C /* Assets.xcassets */,
				3E3C5D61204E0860004BEA4C /* LaunchScreen.storyboard */,
				3E3C5D64204E0860004BEA4C /* Info.plist */,
			);
			path = tinder;
			sourceTree = "<group>";
		};
		3E3C5D6C204E0860004BEA4C /* tinderTests */ = {
			isa = PBXGroup;
			children = (
				3E3C5D6D204E0860004BEA4C /* tinderTests.swift */,
				3E3C5D6F204E0860004BEA4C /* Info.plist */,
			);
			path = tinderTests;
			sourceTree = "<group>";
		};
		3E3C5D77204E0861004BEA4C /* tinderUITests */ = {
			isa = PBXGroup;
			children = (
				3E3C5D78204E0861004BEA4C /* tinderUITests.swift */,
				3E3C5D7A204E0861004BEA4C /* Info.plist */,
			);
			path = tinderUITests;
			sourceTree = "<group>";
		};
/* End PBXGroup section */

/* Begin PBXNativeTarget section */
		3E3C5D54204E0860004BEA4C /* tinder */ = {
			isa = PBXNativeTarget;
			buildConfigurationList = 3E3C5D7D204E0861004BEA4C /* Build configuration list for PBXNativeTarget "tinder" */;
			buildPhases = (
				3E3C5D51204E0860004BEA4C /* Sources */,
				3E3C5D52204E0860004BEA4C /* Frameworks */,
				3E3C5D53204E0860004BEA4C /* Resources */,
			);
			buildRules = (
			);
			dependencies = (
			);
			name = tinder;
			productName = tinder;
			productReference = 3E3C5D55204E0860004BEA4C /* tinder.app */;
			productType = "com.apple.product-type.application";
		};
		3E3C5D68204E0860004BEA4C /* tinderTests */ = {
			isa = PBXNativeTarget;
			buildConfigurationList = 3E3C5D80204E0861004BEA4C /* Build configuration list for PBXNativeTarget "tinderTests" */;
			buildPhases = (
				3E3C5D65204E0860004BEA4C /* Sources */,
				3E3C5D66204E0860004BEA4C /* Frameworks */,
				3E3C5D67204E0860004BEA4C /* Resources */,
			);
			buildRules = (
			);
			dependencies = (
				3E3C5D6B204E0860004BEA4C /* PBXTargetDependency */,
			);
			name = tinderTests;
			productName = tinderTests;
			productReference = 3E3C5D69204E0860004BEA4C /* tinderTests.xctest */;
			productType = "com.apple.product-type.bundle.unit-test";
		};
		3E3C5D73204E0861004BEA4C /* tinderUITests */ = {
			isa = PBXNativeTarget;
			buildConfigurationList = 3E3C5D83204E0861004BEA4C /* Build configuration list for PBXNativeTarget "tinderUITests" */;
			buildPhases = (
				3E3C5D70204E0861004BEA4C /* Sources */,
				3E3C5D71204E0861004BEA4C /* Frameworks */,
				3E3C5D72204E0861004BEA4C /* Resources */,
			);
			buildRules = (
			);
			dependencies = (
				3E3C5D76204E0861004BEA4C /* PBXTargetDependency */,
			);
			name = tinderUITests;
			productName = tinderUITests;
			productReference = 3E3C5D74204E0861004BEA4C /* tinderUITests.xctest */;
			productType = "com.apple.product-type.bundle.ui-testing";
		};
/* End PBXNativeTarget section */

/* Begin PBXProject section */
		3E3C5D4D204E0860004BEA4C /* Project object */ = {
			isa = PBXProject;
			attributes = {
				LastSwiftUpdateCheck = 0920;
				LastUpgradeCheck = 0920;
				ORGANIZATIONNAME = "Eli Scherrer";
				TargetAttributes = {
					3E3C5D54204E0860004BEA4C = {
						CreatedOnToolsVersion = 9.2;
						ProvisioningStyle = Automatic;
					};
					3E3C5D68204E0860004BEA4C = {
						CreatedOnToolsVersion = 9.2;
						ProvisioningStyle = Automatic;
						TestTargetID = 3E3C5D54204E0860004BEA4C;
					};
					3E3C5D73204E0861004BEA4C = {
						CreatedOnToolsVersion = 9.2;
						ProvisioningStyle = Automatic;
						TestTargetID = 3E3C5D54204E0860004BEA4C;
					};
				};
			};
			buildConfigurationList = 3E3C5D50204E0860004BEA4C /* Build configuration list for PBXProject "tinder" */;
			compatibilityVersion = "Xcode 8.0";
			developmentRegion = en;
			hasScannedForEncodings = 0;
			knownRegions = (
				en,
				Base,
			);
			mainGroup = 3E3C5D4C204E0860004BEA4C;
			productRefGroup = 3E3C5D56204E0860004BEA4C /* Products */;
			projectDirPath = "";
			projectRoot = "";
			targets = (
				3E3C5D54204E0860004BEA4C /* tinder */,
				3E3C5D68204E0860004BEA4C /* tinderTests */,
				3E3C5D73204E0861004BEA4C /* tinderUITests */,
			);
		};
/* End PBXProject section */

/* Begin PBXResourcesBuildPhase section */
		3E3C5D53204E0860004BEA4C /* Resources */ = {
			isa = PBXResourcesBuildPhase;
			buildActionMask = 2147483647;
			files = (
				3E3C5D63204E0860004BEA4C /* LaunchScreen.storyboard in Resources */,
				3E3C5D60204E0860004BEA4C /* Assets.xcassets in Resources */,
				3E3C5D5E204E0860004BEA4C /* Main.storyboard in Resources */,
			);
			runOnlyForDeploymentPostprocessing = 0;
		};
		3E3C5D67204E0860004BEA4C /* Resources */ = {
			isa = PBXResourcesBuildPhase;
			buildActionMask = 2147483647;
			files = (
			);
			runOnlyForDeploymentPostprocessing = 0;
		};
		3E3C5D72204E0861004BEA4C /* Resources */ = {
			isa = PBXResourcesBuildPhase;
			buildActionMask = 2147483647;
			files = (
			);
			runOnlyForDeploymentPostprocessing = 0;
		};
/* End PBXResourcesBuildPhase section */

/* Begin PBXSourcesBuildPhase section */
		3E3C5D51204E0860004BEA4C /* Sources */ = {
			isa = PBXSourcesBuildPhase;
			buildActionMask = 2147483647;
			files = (
				3E3C5D5B204E0860004BEA4C /* ViewController.swift in Sources */,
				3E3C5D59204E0860004BEA4C /* AppDelegate.swift in Sources */,
			);
			runOnlyForDeploymentPostprocessing = 0;
		};
		3E3C5D65204E0860004BEA4C /* Sources */ = {
			isa = PBXSourcesBuildPhase;
			buildActionMask = 2147483647;
			files = (
				3E3C5D6E204E0860004BEA4C /* tinderTests.swift in Sources */,
			);
			runOnlyForDeploymentPostprocessing = 0;
		};
		3E3C5D70204E0861004BEA4C /* Sources */ = {
			isa = PBXSourcesBuildPhase;
			buildActionMask = 2147483647;
			files = (
				3E3C5D79204E0861004BEA4C /* tinderUITests.swift in Sources */,
			);
			runOnlyForDeploymentPostprocessing = 0;
		};
/* End PBXSourcesBuildPhase section */

/* Begin PBXTargetDependency section */
		3E3C5D6B204E0860004BEA4C /* PBXTargetDependency */ = {
			isa = PBXTargetDependency;
			target = 3E3C5D54204E0860004BEA4C /* tinder */;
			targetProxy = 3E3C5D6A204E0860004BEA4C /* PBXContainerItemProxy */;
		};
		3E3C5D76204E0861004BEA4C /* PBXTargetDependency */ = {
			isa = PBXTargetDependency;
			target = 3E3C5D54204E0860004BEA4C /* tinder */;
			targetProxy = 3E3C5D75204E0861004BEA4C /* PBXContainerItemProxy */;
		};
/* End PBXTargetDependency section */

/* Begin PBXVariantGroup section */
		3E3C5D5C204E0860004BEA4C /* Main.storyboard */ = {
			isa = PBXVariantGroup;
			children = (
				3E3C5D5D204E0860004BEA4C /* Base */,
			);
			name = Main.storyboard;
			sourceTree = "<group>";
		};
		3E3C5D61204E0860004BEA4C /* LaunchScreen.storyboard */ = {
			isa = PBXVariantGroup;
			children = (
				3E3C5D62204E0860004BEA4C /* Base */,
			);
			name = LaunchScreen.storyboard;
			sourceTree = "<group>";
		};
/* End PBXVariantGroup section */

/* Begin XCBuildConfiguration section */
		3E3C5D7B204E0861004BEA4C /* Debug */ = {
			isa = XCBuildConfiguration;
			buildSettings = {
				ALWAYS_SEARCH_USER_PATHS = NO;
				CLANG_ANALYZER_NONNULL = YES;
				CLANG_ANALYZER_NUMBER_OBJECT_CONVERSION = YES_AGGRESSIVE;
				CLANG_CXX_LANGUAGE_STANDARD = "gnu++14";
				CLANG_CXX_LIBRARY = "libc++";
				CLANG_ENABLE_MODULES = YES;
				CLANG_ENABLE_OBJC_ARC = YES;
				CLANG_WARN_BLOCK_CAPTURE_AUTORELEASING = YES;
				CLANG_WARN_BOOL_CONVERSION = YES;
				CLANG_WARN_COMMA = YES;
				CLANG_WARN_CONSTANT_CONVERSION = YES;
				CLANG_WARN_DIRECT_OBJC_ISA_USAGE = YES_ERROR;
				CLANG_WARN_DOCUMENTATION_COMMENTS = YES;
				CLANG_WARN_EMPTY_BODY = YES;
				CLANG_WARN_ENUM_CONVERSION = YES;
				CLANG_WARN_INFINITE_RECURSION = YES;
				CLANG_WARN_INT_CONVERSION = YES;
				CLANG_WARN_NON_LITERAL_NULL_CONVERSION = YES;
				CLANG_WARN_OBJC_LITERAL_CONVERSION = YES;
				CLANG_WARN_OBJC_ROOT_CLASS = YES_ERROR;
				CLANG_WARN_RANGE_LOOP_ANALYSIS = YES;
				CLANG_WARN_STRICT_PROTOTYPES = YES;
				CLANG_WARN_SUSPICIOUS_MOVE = YES;
				CLANG_WARN_UNGUARDED_AVAILABILITY = YES_AGGRESSIVE;
				CLANG_WARN_UNREACHABLE_CODE = YES;
				CLANG_WARN__DUPLICATE_METHOD_MATCH = YES;
				CODE_SIGN_IDENTITY = "iPhone Developer";
				COPY_PHASE_STRIP = NO;
				DEBUG_INFORMATION_FORMAT = dwarf;
				ENABLE_STRICT_OBJC_MSGSEND = YES;
				ENABLE_TESTABILITY = YES;
				GCC_C_LANGUAGE_STANDARD = gnu11;
				GCC_DYNAMIC_NO_PIC = NO;
				GCC_NO_COMMON_BLOCKS = YES;
				GCC_OPTIMIZATION_LEVEL = 0;
				GCC_PREPROCESSOR_DEFINITIONS = (
					"DEBUG=1",
					"$(inherited)",
				);
				GCC_WARN_64_TO_32_BIT_CONVERSION = YES;
				GCC_WARN_ABOUT_RETURN_TYPE = YES_ERROR;
				GCC_WARN_UNDECLARED_SELECTOR = YES;
				GCC_WARN_UNINITIALIZED_AUTOS = YES_AGGRESSIVE;
				GCC_WARN_UNUSED_FUNCTION = YES;
				GCC_WARN_UNUSED_VARIABLE = YES;
				IPHONEOS_DEPLOYMENT_TARGET = 11.2;
				MTL_ENABLE_DEBUG_INFO = YES;
				ONLY_ACTIVE_ARCH = YES;
				SDKROOT = iphoneos;
				SWIFT_ACTIVE_COMPILATION_CONDITIONS = DEBUG;
				SWIFT_OPTIMIZATION_LEVEL = "-Onone";
			};
			name = Debug;
		};
		3E3C5D7C204E0861004BEA4C /* Release */ = {
			isa = XCBuildConfiguration;
			buildSettings = {
				ALWAYS_SEARCH_USER_PATHS = NO;
				CLANG_ANALYZER_NONNULL = YES;
				CLANG_ANALYZER_NUMBER_OBJECT_CONVERSION = YES_AGGRESSIVE;
				CLANG_CXX_LANGUAGE_STANDARD = "gnu++14";
				CLANG_CXX_LIBRARY = "libc++";
				CLANG_ENABLE_MODULES = YES;
				CLANG_ENABLE_OBJC_ARC = YES;
				CLANG_WARN_BLOCK_CAPTURE_AUTORELEASING = YES;
				CLANG_WARN_BOOL_CONVERSION = YES;
				CLANG_WARN_COMMA = YES;
				CLANG_WARN_CONSTANT_CONVERSION = YES;
				CLANG_WARN_DIRECT_OBJC_ISA_USAGE = YES_ERROR;
				CLANG_WARN_DOCUMENTATION_COMMENTS = YES;
				CLANG_WARN_EMPTY_BODY = YES;
				CLANG_WARN_ENUM_CONVERSION = YES;
				CLANG_WARN_INFINITE_RECURSION = YES;
				CLANG_WARN_INT_CONVERSION = YES;
				CLANG_WARN_NON_LITERAL_NULL_CONVERSION = YES;
				CLANG_WARN_OBJC_LITERAL_CONVERSION = YES;
				CLANG_WARN_OBJC_ROOT_CLASS = YES_ERROR;
				CLANG_WARN_RANGE_LOOP_ANALYSIS = YES;
				CLANG_WARN_STRICT_PROTOTYPES = YES;
				CLANG_WARN_SUSPICIOUS_MOVE = YES;
				CLANG_WARN_UNGUARDED_AVAILABILITY = YES_AGGRESSIVE;
				CLANG_WARN_UNREACHABLE_CODE = YES;
				CLANG_WARN__DUPLICATE_METHOD_MATCH = YES;
				CODE_SIGN_IDENTITY = "iPhone Developer";
				COPY_PHASE_STRIP = NO;
				DEBUG_INFORMATION_FORMAT = "dwarf-with-dsym";
				ENABLE_NS_ASSERTIONS = NO;
				ENABLE_STRICT_OBJC_MSGSEND = YES;
				GCC_C_LANGUAGE_STANDARD = gnu11;
				GCC_NO_COMMON_BLOCKS = YES;
				GCC_WARN_64_TO_32_BIT_CONVERSION = YES;
				GCC_WARN_ABOUT_RETURN_TYPE = YES_ERROR;
				GCC_WARN_UNDECLARED_SELECTOR = YES;
				GCC_WARN_UNINITIALIZED_AUTOS = YES_AGGRESSIVE;
				GCC_WARN_UNUSED_FUNCTION = YES;
				GCC_WARN_UNUSED_VARIABLE = YES;
				IPHONEOS_DEPLOYMENT_TARGET = 11.2;
				MTL_ENABLE_DEBUG_INFO = NO;
				SDKROOT = iphoneos;
				SWIFT_OPTIMIZATION_LEVEL = "-Owholemodule";
				VALIDATE_PRODUCT = YES;
			};
			name = Release;
		};
		3E3C5D7E204E0861004BEA4C /* Debug */ = {
			isa = XCBuildConfiguration;
			buildSettings = {
				ASSETCATALOG_COMPILER_APPICON_NAME = AppIcon;
				CODE_SIGN_STYLE = Automatic;
				DEVELOPMENT_TEAM = ZL97C3DP38;
				INFOPLIST_FILE = tinder/Info.plist;
				LD_RUNPATH_SEARCH_PATHS = "$(inherited) @executable_path/Frameworks";
				PRODUCT_BUNDLE_IDENTIFIER = com.elischerrer.tinder;
				PRODUCT_NAME = "$(TARGET_NAME)";
				SWIFT_VERSION = 4.0;
				TARGETED_DEVICE_FAMILY = "1,2";
			};
			name = Debug;
		};
		3E3C5D7F204E0861004BEA4C /* Release */ = {
			isa = XCBuildConfiguration;
			buildSettings = {
				ASSETCATALOG_COMPILER_APPICON_NAME = AppIcon;
				CODE_SIGN_STYLE = Automatic;
				DEVELOPMENT_TEAM = ZL97C3DP38;
				INFOPLIST_FILE = tinder/Info.plist;
				LD_RUNPATH_SEARCH_PATHS = "$(inherited) @executable_path/Frameworks";
				PRODUCT_BUNDLE_IDENTIFIER = com.elischerrer.tinder;
				PRODUCT_NAME = "$(TARGET_NAME)";
				SWIFT_VERSION = 4.0;
				TARGETED_DEVICE_FAMILY = "1,2";
			};
			name = Release;
		};
		3E3C5D81204E0861004BEA4C /* Debug */ = {
			isa = XCBuildConfiguration;
			buildSettings = {
				ALWAYS_EMBED_SWIFT_STANDARD_LIBRARIES = YES;
				BUNDLE_LOADER = "$(TEST_HOST)";
				CODE_SIGN_STYLE = Automatic;
				DEVELOPMENT_TEAM = ZL97C3DP38;
				INFOPLIST_FILE = tinderTests/Info.plist;
				LD_RUNPATH_SEARCH_PATHS = "$(inherited) @executable_path/Frameworks @loader_path/Frameworks";
				PRODUCT_BUNDLE_IDENTIFIER = com.elischerrer.tinderTests;
				PRODUCT_NAME = "$(TARGET_NAME)";
				SWIFT_VERSION = 4.0;
				TARGETED_DEVICE_FAMILY = "1,2";
				TEST_HOST = "$(BUILT_PRODUCTS_DIR)/tinder.app/tinder";
			};
			name = Debug;
		};
		3E3C5D82204E0861004BEA4C /* Release */ = {
			isa = XCBuildConfiguration;
			buildSettings = {
				ALWAYS_EMBED_SWIFT_STANDARD_LIBRARIES = YES;
				BUNDLE_LOADER = "$(TEST_HOST)";
				CODE_SIGN_STYLE = Automatic;
				DEVELOPMENT_TEAM = ZL97C3DP38;
				INFOPLIST_FILE = tinderTests/Info.plist;
				LD_RUNPATH_SEARCH_PATHS = "$(inherited) @executable_path/Frameworks @loader_path/Frameworks";
				PRODUCT_BUNDLE_IDENTIFIER = com.elischerrer.tinderTests;
				PRODUCT_NAME = "$(TARGET_NAME)";
				SWIFT_VERSION = 4.0;
				TARGETED_DEVICE_FAMILY = "1,2";
				TEST_HOST = "$(BUILT_PRODUCTS_DIR)/tinder.app/tinder";
			};
			name = Release;
		};
		3E3C5D84204E0861004BEA4C /* Debug */ = {
			isa = XCBuildConfiguration;
			buildSettings = {
				ALWAYS_EMBED_SWIFT_STANDARD_LIBRARIES = YES;
				CODE_SIGN_STYLE = Automatic;
				DEVELOPMENT_TEAM = ZL97C3DP38;
				INFOPLIST_FILE = tinderUITests/Info.plist;
				LD_RUNPATH_SEARCH_PATHS = "$(inherited) @executable_path/Frameworks @loader_path/Frameworks";
				PRODUCT_BUNDLE_IDENTIFIER = com.elischerrer.tinderUITests;
				PRODUCT_NAME = "$(TARGET_NAME)";
				SWIFT_VERSION = 4.0;
				TARGETED_DEVICE_FAMILY = "1,2";
				TEST_TARGET_NAME = tinder;
			};
			name = Debug;
		};
		3E3C5D85204E0861004BEA4C /* Release */ = {
			isa = XCBuildConfiguration;
			buildSettings = {
				ALWAYS_EMBED_SWIFT_STANDARD_LIBRARIES = YES;
				CODE_SIGN_STYLE = Automatic;
				DEVELOPMENT_TEAM = ZL97C3DP38;
				INFOPLIST_FILE = tinderUITests/Info.plist;
				LD_RUNPATH_SEARCH_PATHS = "$(inherited) @executable_path/Frameworks @loader_path/Frameworks";
				PRODUCT_BUNDLE_IDENTIFIER = com.elischerrer.tinderUITests;
				PRODUCT_NAME = "$(TARGET_NAME)";
				SWIFT_VERSION = 4.0;
				TARGETED_DEVICE_FAMILY = "1,2";
				TEST_TARGET_NAME = tinder;
			};
			name = Release;
		};
/* End XCBuildConfiguration section */

/* Begin XCConfigurationList section */
		3E3C5D50204E0860004BEA4C /* Build configuration list for PBXProject "tinder" */ = {
			isa = XCConfigurationList;
			buildConfigurations = (
				3E3C5D7B204E0861004BEA4C /* Debug */,
				3E3C5D7C204E0861004BEA4C /* Release */,
			);
			defaultConfigurationIsVisible = 0;
			defaultConfigurationName = Release;
		};
		3E3C5D7D204E0861004BEA4C /* Build configuration list for PBXNativeTarget "tinder" */ = {
			isa = XCConfigurationList;
			buildConfigurations = (
				3E3C5D7E204E0861004BEA4C /* Debug */,
				3E3C5D7F204E0861004BEA4C /* Release */,
			);
			defaultConfigurationIsVisible = 0;
			defaultConfigurationName = Release;
		};
		3E3C5D80204E0861004BEA4C /* Build configuration list for PBXNativeTarget "tinderTests" */ = {
			isa = XCConfigurationList;
			buildConfigurations = (
				3E3C5D81204E0861004BEA4C /* Debug */,
				3E3C5D82204E0861004BEA4C /* Release */,
			);
			defaultConfigurationIsVisible = 0;
			defaultConfigurationName = Release;
		};
		3E3C5D83204E0861004BEA4C /* Build configuration list for PBXNativeTarget "tinderUITests" */ = {
			isa = XCConfigurationList;
			buildConfigurations = (
				3E3C5D84204E0861004BEA4C /* Debug */,
				3E3C5D85204E0861004BEA4C /* Release */,
			);
			defaultConfigurationIsVisible = 0;
			defaultConfigurationName = Release;
		};
/* End XCConfigurationList section */
	};
	rootObject = 3E3C5D4D204E0860004BEA4C /* Project object */;
}
